// !$*UTF8*$!
{
	archiveVersion = 1;
	classes = {
	};
	objectVersion = 77;
	objects = {

/* Begin PBXBuildFile section */
		0E6B55F12E795647004F2446 /* MockData.swift in Sources */ = {isa = PBXBuildFile; fileRef = 0E6B55F02E795647004F2446 /* MockData.swift */; };
		0ED3ED032E7804B60034626C /* Swinject in Frameworks */ = {isa = PBXBuildFile; productRef = 0ED3ED022E7804B60034626C /* Swinject */; };
		0ED3ED062E7804ED0034626C /* GoogleSignIn in Frameworks */ = {isa = PBXBuildFile; productRef = 0ED3ED052E7804ED0034626C /* GoogleSignIn */; };
		0ED3ED082E7804ED0034626C /* GoogleSignInSwift in Frameworks */ = {isa = PBXBuildFile; productRef = 0ED3ED072E7804ED0034626C /* GoogleSignInSwift */; };
		0ED3ED0E2E7805090034626C /* ConcertBox.swift in Sources */ = {isa = PBXBuildFile; fileRef = 0ED3ED0B2E7805090034626C /* ConcertBox.swift */; };
		0ED3ED0F2E7805090034626C /* Assets.xcassets in Resources */ = {isa = PBXBuildFile; fileRef = 0ED3ED092E7805090034626C /* Assets.xcassets */; };
		0ED3ED272E7813CA0034626C /* AuthView.swift in Sources */ = {isa = PBXBuildFile; fileRef = 0ED3ED262E7813CA0034626C /* AuthView.swift */; };
		0ED3ED352E7928BB0034626C /* ProfileView.swift in Sources */ = {isa = PBXBuildFile; fileRef = 0ED3ED342E7928BB0034626C /* ProfileView.swift */; };
		0ED3ED3E2E792FD60034626C /* FilterButton.swift in Sources */ = {isa = PBXBuildFile; fileRef = 0ED3ED3D2E792FD60034626C /* FilterButton.swift */; };
		840D74682EBB2B6600713AF7 /* HomeView.swift in Sources */ = {isa = PBXBuildFile; fileRef = 840D74672EBB2B6600713AF7 /* HomeView.swift */; };
		840D746A2EBB2C0600713AF7 /* HomeViewModel.swift in Sources */ = {isa = PBXBuildFile; fileRef = 840D74692EBB2C0600713AF7 /* HomeViewModel.swift */; };
		840D746C2EBB312500713AF7 /* ScrollDetector.swift in Sources */ = {isa = PBXBuildFile; fileRef = 840D746B2EBB312500713AF7 /* ScrollDetector.swift */; };
		840D746E2EBB38C500713AF7 /* MainBoardCoordinator.swift in Sources */ = {isa = PBXBuildFile; fileRef = 840D746D2EBB38C500713AF7 /* MainBoardCoordinator.swift */; };
		841928692E869AEA0043F321 /* Kingfisher in Frameworks */ = {isa = PBXBuildFile; productRef = 841928682E869AEA0043F321 /* Kingfisher */; };
		841A16972E8BC9570007F28C /* HeaderView.swift in Sources */ = {isa = PBXBuildFile; fileRef = 841A16962E8BC9570007F28C /* HeaderView.swift */; };
		841A169B2E8BD00F0007F28C /* ConcertCardPlaceholderView.swift in Sources */ = {isa = PBXBuildFile; fileRef = 841A169A2E8BD00F0007F28C /* ConcertCardPlaceholderView.swift */; };
		841A169D2E8BDEF80007F28C /* ShimmerModifier.swift in Sources */ = {isa = PBXBuildFile; fileRef = 841A169C2E8BDEF80007F28C /* ShimmerModifier.swift */; };
		8426E81F2EAF2411003656CB /* AppCoordinator.swift in Sources */ = {isa = PBXBuildFile; fileRef = 8426E81E2EAF2411003656CB /* AppCoordinator.swift */; };
		8426E8232EAF2965003656CB /* OnboardingView.swift in Sources */ = {isa = PBXBuildFile; fileRef = 8426E8222EAF2965003656CB /* OnboardingView.swift */; };
		8440C67D2E8543ED00EA6A9D /* ConcertCardView.swift in Sources */ = {isa = PBXBuildFile; fileRef = 8440C67C2E8543ED00EA6A9D /* ConcertCardView.swift */; };
		84497E4C2E93BC2900DDBB09 /* 🎧MusicServiceManager.swift in Sources */ = {isa = PBXBuildFile; fileRef = 84497E4B2E93BC2900DDBB09 /* 🎧MusicServiceManager.swift */; };
		84497E532E94118E00DDBB09 /* ConcertService.swift in Sources */ = {isa = PBXBuildFile; fileRef = 84497E522E94118C00DDBB09 /* ConcertService.swift */; };
		84497E552E9415A800DDBB09 /* AppError.swift in Sources */ = {isa = PBXBuildFile; fileRef = 84497E542E9415A800DDBB09 /* AppError.swift */; };
		845B33A82EC45A0C003F80E0 /* ConcertMapper.swift in Sources */ = {isa = PBXBuildFile; fileRef = 845B33A72EC45A0C003F80E0 /* ConcertMapper.swift */; };
		845FCEC32EAA1F3800D4D460 /* MusicServiceConstants.swift in Sources */ = {isa = PBXBuildFile; fileRef = 845FCEC22EAA1F3800D4D460 /* MusicServiceConstants.swift */; };
		845FCED32EAA3A4C00D4D460 /* TokenStorageProtocol.swift in Sources */ = {isa = PBXBuildFile; fileRef = 845FCED22EAA3A4C00D4D460 /* TokenStorageProtocol.swift */; };
		845FCED72EAA480000D4D460 /* ErrorHandler.swift in Sources */ = {isa = PBXBuildFile; fileRef = 845FCED62EAA480000D4D460 /* ErrorHandler.swift */; };
		845FCEDC2EAA67B000D4D460 /* AuthEnums.swift in Sources */ = {isa = PBXBuildFile; fileRef = 845FCEDB2EAA67B000D4D460 /* AuthEnums.swift */; };
		845FCEDE2EAA719500D4D460 /* LoadingService.swift in Sources */ = {isa = PBXBuildFile; fileRef = 845FCEDD2EAA719500D4D460 /* LoadingService.swift */; };
		846642172E8F9A520092F691 /* SpotifyiOS in Frameworks */ = {isa = PBXBuildFile; productRef = 846642162E8F9A520092F691 /* SpotifyiOS */; };
		8474EE282EB09DDD00BA9634 /* ViewModelFactory.swift in Sources */ = {isa = PBXBuildFile; fileRef = 8474EE272EB09DDD00BA9634 /* ViewModelFactory.swift */; };
		847E12252E9573AC0087BD88 /* Concert.swift in Sources */ = {isa = PBXBuildFile; fileRef = 847E12212E9573AC0087BD88 /* Concert.swift */; };
		847E12422E96517F0087BD88 /* ErrorBannerView.swift in Sources */ = {isa = PBXBuildFile; fileRef = 847E12412E96517F0087BD88 /* ErrorBannerView.swift */; };
		847E12452E9653170087BD88 /* ProfileHeaderView.swift in Sources */ = {isa = PBXBuildFile; fileRef = 847E12442E9653170087BD88 /* ProfileHeaderView.swift */; };
		847E124D2E9653220087BD88 /* MusicServicesView.swift in Sources */ = {isa = PBXBuildFile; fileRef = 847E124C2E9653220087BD88 /* MusicServicesView.swift */; };
		847E12652E9792680087BD88 /* MusicServiceClient.swift in Sources */ = {isa = PBXBuildFile; fileRef = 847E12642E9792680087BD88 /* MusicServiceClient.swift */; };
		847E12852E98D6C50087BD88 /* AdaptiveLayout.swift in Sources */ = {isa = PBXBuildFile; fileRef = 847E12842E98D6C50087BD88 /* AdaptiveLayout.swift */; };
		84863C972EC1D49D00C7FA50 /* MusicServiceCell.swift in Sources */ = {isa = PBXBuildFile; fileRef = 84863C962EC1D49D00C7FA50 /* MusicServiceCell.swift */; };
		84863C9A2EC1D4D000C7FA50 /* Components.swift in Sources */ = {isa = PBXBuildFile; fileRef = 84863C992EC1D4D000C7FA50 /* Components.swift */; };
		84863C9D2EC1E16400C7FA50 /* ApiClient.swift in Sources */ = {isa = PBXBuildFile; fileRef = 84863C9C2EC1E16400C7FA50 /* ApiClient.swift */; };
		84863CA02EC2287C00C7FA50 /* Endpoint.swift in Sources */ = {isa = PBXBuildFile; fileRef = 84863C9F2EC2287C00C7FA50 /* Endpoint.swift */; };
		84863CAB2EC31E9C00C7FA50 /* AuthClient.swift in Sources */ = {isa = PBXBuildFile; fileRef = 84863CAA2EC31E9C00C7FA50 /* AuthClient.swift */; };
		84863CAE2EC346E600C7FA50 /* ResponceDTO.swift in Sources */ = {isa = PBXBuildFile; fileRef = 84863CAD2EC346E600C7FA50 /* ResponceDTO.swift */; };
		849403B82EA0EA2100FC96CD /* OnboardingViewModel.swift in Sources */ = {isa = PBXBuildFile; fileRef = 849403B72EA0EA2100FC96CD /* OnboardingViewModel.swift */; };
		849403BA2EA0EBAA00FC96CD /* ProfileViewModel.swift in Sources */ = {isa = PBXBuildFile; fileRef = 849403B92EA0EBAA00FC96CD /* ProfileViewModel.swift */; };
		849403EE2EA10D2800FC96CD /* DIContainer.swift in Sources */ = {isa = PBXBuildFile; fileRef = 849403EB2EA10D2800FC96CD /* DIContainer.swift */; };
		849403F02EA10D2800FC96CD /* ManagersAssembly.swift in Sources */ = {isa = PBXBuildFile; fileRef = 849403E82EA10D2800FC96CD /* ManagersAssembly.swift */; };
		849403F12EA10D2800FC96CD /* CoreAssembly.swift in Sources */ = {isa = PBXBuildFile; fileRef = 849403E62EA10D2800FC96CD /* CoreAssembly.swift */; };
		849403F22EA10D2800FC96CD /* ServicesAssembly.swift in Sources */ = {isa = PBXBuildFile; fileRef = 849403E52EA10D2800FC96CD /* ServicesAssembly.swift */; };
		849403F72EA205FF00FC96CD /* SplashViewModel.swift in Sources */ = {isa = PBXBuildFile; fileRef = 849403F62EA205FF00FC96CD /* SplashViewModel.swift */; };
		849404002EA218A800FC96CD /* SplashView.swift in Sources */ = {isa = PBXBuildFile; fileRef = 849403FF2EA218A800FC96CD /* SplashView.swift */; };
		849404052EA2397000FC96CD /* MusicServiceType.swift in Sources */ = {isa = PBXBuildFile; fileRef = 849404042EA2397000FC96CD /* MusicServiceType.swift */; };
		8494042A2EA7B20C00FC96CD /* MainBoardView.swift in Sources */ = {isa = PBXBuildFile; fileRef = 849404292EA7B20C00FC96CD /* MainBoardView.swift */; };
		8497676D2EC5B8E100E59A1E /* SpotLightShape.swift in Sources */ = {isa = PBXBuildFile; fileRef = 8497676C2EC5B8E100E59A1E /* SpotLightShape.swift */; };
		8497676F2EC5BCDD00E59A1E /* Color+Extensions.swift in Sources */ = {isa = PBXBuildFile; fileRef = 8497676E2EC5BCDD00E59A1E /* Color+Extensions.swift */; };
		849767772ECAE43700E59A1E /* ContextProvider.swift in Sources */ = {isa = PBXBuildFile; fileRef = 849767762ECAE43700E59A1E /* ContextProvider.swift */; };
		84A71E082E9C94DB005F0E4C /* ExploreView.swift in Sources */ = {isa = PBXBuildFile; fileRef = 84A71E072E9C94DB005F0E4C /* ExploreView.swift */; };
		84A71E1A2E9CA402005F0E4C /* AuthButtonView.swift in Sources */ = {isa = PBXBuildFile; fileRef = 84A71E192E9CA402005F0E4C /* AuthButtonView.swift */; };
		84A71E212E9CA818005F0E4C /* 👤AuthManager.swift in Sources */ = {isa = PBXBuildFile; fileRef = 84A71E202E9CA818005F0E4C /* 👤AuthManager.swift */; };
		84B564D72EB21DFB00CC246B /* RootView.swift in Sources */ = {isa = PBXBuildFile; fileRef = 84B564D62EB21DFB00CC246B /* RootView.swift */; };
		84B564E12EB3522D00CC246B /* AdaptiveBackgroundView.swift in Sources */ = {isa = PBXBuildFile; fileRef = 84B564E02EB3522D00CC246B /* AdaptiveBackgroundView.swift */; };
		84B564E52EB379CD00CC246B /* Loader.swift in Sources */ = {isa = PBXBuildFile; fileRef = 84B564E42EB379CD00CC246B /* Loader.swift */; };
		84C1C4522E8C0A9600A39C8D /* User.swift in Sources */ = {isa = PBXBuildFile; fileRef = 84C1C4512E8C0A9600A39C8D /* User.swift */; };
		84E5E74C2EBDBDE100760ABE /* WebAuthHandler.swift in Sources */ = {isa = PBXBuildFile; fileRef = 84E5E74B2EBDBDE100760ABE /* WebAuthHandler.swift */; };
/* End PBXBuildFile section */

/* Begin PBXContainerItemProxy section */
		0ED3ECE52E78043E0034626C /* PBXContainerItemProxy */ = {
			isa = PBXContainerItemProxy;
			containerPortal = 0ED3ECCF2E78043D0034626C /* Project object */;
			proxyType = 1;
			remoteGlobalIDString = 0ED3ECD62E78043D0034626C;
			remoteInfo = EventsFeed;
		};
		0ED3ECEF2E78043E0034626C /* PBXContainerItemProxy */ = {
			isa = PBXContainerItemProxy;
			containerPortal = 0ED3ECCF2E78043D0034626C /* Project object */;
			proxyType = 1;
			remoteGlobalIDString = 0ED3ECD62E78043D0034626C;
			remoteInfo = EventsFeed;
		};
/* End PBXContainerItemProxy section */

/* Begin PBXFileReference section */
		0E6B55F02E795647004F2446 /* MockData.swift */ = {isa = PBXFileReference; lastKnownFileType = sourcecode.swift; path = MockData.swift; sourceTree = "<group>"; };
		0ED3ECD72E78043D0034626C /* EventsFeed.app */ = {isa = PBXFileReference; explicitFileType = wrapper.application; includeInIndex = 0; path = EventsFeed.app; sourceTree = BUILT_PRODUCTS_DIR; };
		0ED3ECE42E78043E0034626C /* EventsFeedTests.xctest */ = {isa = PBXFileReference; explicitFileType = wrapper.cfbundle; includeInIndex = 0; path = EventsFeedTests.xctest; sourceTree = BUILT_PRODUCTS_DIR; };
		0ED3ECEE2E78043E0034626C /* EventsFeedUITests.xctest */ = {isa = PBXFileReference; explicitFileType = wrapper.cfbundle; includeInIndex = 0; path = EventsFeedUITests.xctest; sourceTree = BUILT_PRODUCTS_DIR; };
		0ED3ED092E7805090034626C /* Assets.xcassets */ = {isa = PBXFileReference; lastKnownFileType = folder.assetcatalog; path = Assets.xcassets; sourceTree = "<group>"; };
		0ED3ED0B2E7805090034626C /* ConcertBox.swift */ = {isa = PBXFileReference; lastKnownFileType = sourcecode.swift; path = ConcertBox.swift; sourceTree = "<group>"; };
		0ED3ED1B2E7808060034626C /* Info.plist */ = {isa = PBXFileReference; lastKnownFileType = text.plist.xml; path = Info.plist; sourceTree = "<group>"; };
		0ED3ED262E7813CA0034626C /* AuthView.swift */ = {isa = PBXFileReference; lastKnownFileType = sourcecode.swift; path = AuthView.swift; sourceTree = "<group>"; };
		0ED3ED342E7928BB0034626C /* ProfileView.swift */ = {isa = PBXFileReference; lastKnownFileType = sourcecode.swift; path = ProfileView.swift; sourceTree = "<group>"; };
		0ED3ED3D2E792FD60034626C /* FilterButton.swift */ = {isa = PBXFileReference; lastKnownFileType = sourcecode.swift; path = FilterButton.swift; sourceTree = "<group>"; };
		840D74672EBB2B6600713AF7 /* HomeView.swift */ = {isa = PBXFileReference; lastKnownFileType = sourcecode.swift; path = HomeView.swift; sourceTree = "<group>"; };
		840D74692EBB2C0600713AF7 /* HomeViewModel.swift */ = {isa = PBXFileReference; lastKnownFileType = sourcecode.swift; path = HomeViewModel.swift; sourceTree = "<group>"; };
		840D746B2EBB312500713AF7 /* ScrollDetector.swift */ = {isa = PBXFileReference; lastKnownFileType = sourcecode.swift; path = ScrollDetector.swift; sourceTree = "<group>"; };
		840D746D2EBB38C500713AF7 /* MainBoardCoordinator.swift */ = {isa = PBXFileReference; lastKnownFileType = sourcecode.swift; path = MainBoardCoordinator.swift; sourceTree = "<group>"; };
		841A16962E8BC9570007F28C /* HeaderView.swift */ = {isa = PBXFileReference; lastKnownFileType = sourcecode.swift; path = HeaderView.swift; sourceTree = "<group>"; };
		841A169A2E8BD00F0007F28C /* ConcertCardPlaceholderView.swift */ = {isa = PBXFileReference; lastKnownFileType = sourcecode.swift; path = ConcertCardPlaceholderView.swift; sourceTree = "<group>"; };
		841A169C2E8BDEF80007F28C /* ShimmerModifier.swift */ = {isa = PBXFileReference; lastKnownFileType = sourcecode.swift; path = ShimmerModifier.swift; sourceTree = "<group>"; };
		8426E81E2EAF2411003656CB /* AppCoordinator.swift */ = {isa = PBXFileReference; lastKnownFileType = sourcecode.swift; path = AppCoordinator.swift; sourceTree = "<group>"; };
		8426E8222EAF2965003656CB /* OnboardingView.swift */ = {isa = PBXFileReference; lastKnownFileType = sourcecode.swift; path = OnboardingView.swift; sourceTree = "<group>"; };
		8440C67C2E8543ED00EA6A9D /* ConcertCardView.swift */ = {isa = PBXFileReference; lastKnownFileType = sourcecode.swift; path = ConcertCardView.swift; sourceTree = "<group>"; };
		84497E4B2E93BC2900DDBB09 /* 🎧MusicServiceManager.swift */ = {isa = PBXFileReference; lastKnownFileType = sourcecode.swift; path = "🎧MusicServiceManager.swift"; sourceTree = "<group>"; };
		84497E522E94118C00DDBB09 /* ConcertService.swift */ = {isa = PBXFileReference; lastKnownFileType = sourcecode.swift; path = ConcertService.swift; sourceTree = "<group>"; };
		84497E542E9415A800DDBB09 /* AppError.swift */ = {isa = PBXFileReference; lastKnownFileType = sourcecode.swift; path = AppError.swift; sourceTree = "<group>"; };
		845B33A72EC45A0C003F80E0 /* ConcertMapper.swift */ = {isa = PBXFileReference; lastKnownFileType = sourcecode.swift; path = ConcertMapper.swift; sourceTree = "<group>"; };
		845FCEC22EAA1F3800D4D460 /* MusicServiceConstants.swift */ = {isa = PBXFileReference; lastKnownFileType = sourcecode.swift; path = MusicServiceConstants.swift; sourceTree = "<group>"; };
		845FCED22EAA3A4C00D4D460 /* TokenStorageProtocol.swift */ = {isa = PBXFileReference; lastKnownFileType = sourcecode.swift; path = TokenStorageProtocol.swift; sourceTree = "<group>"; };
		845FCED62EAA480000D4D460 /* ErrorHandler.swift */ = {isa = PBXFileReference; lastKnownFileType = sourcecode.swift; path = ErrorHandler.swift; sourceTree = "<group>"; };
		845FCEDB2EAA67B000D4D460 /* AuthEnums.swift */ = {isa = PBXFileReference; lastKnownFileType = sourcecode.swift; path = AuthEnums.swift; sourceTree = "<group>"; };
		845FCEDD2EAA719500D4D460 /* LoadingService.swift */ = {isa = PBXFileReference; lastKnownFileType = sourcecode.swift; path = LoadingService.swift; sourceTree = "<group>"; };
		8474EE272EB09DDD00BA9634 /* ViewModelFactory.swift */ = {isa = PBXFileReference; lastKnownFileType = sourcecode.swift; path = ViewModelFactory.swift; sourceTree = "<group>"; };
		847E12212E9573AC0087BD88 /* Concert.swift */ = {isa = PBXFileReference; lastKnownFileType = sourcecode.swift; path = Concert.swift; sourceTree = "<group>"; };
		847E12412E96517F0087BD88 /* ErrorBannerView.swift */ = {isa = PBXFileReference; lastKnownFileType = sourcecode.swift; path = ErrorBannerView.swift; sourceTree = "<group>"; };
		847E12442E9653170087BD88 /* ProfileHeaderView.swift */ = {isa = PBXFileReference; lastKnownFileType = sourcecode.swift; path = ProfileHeaderView.swift; sourceTree = "<group>"; };
		847E124C2E9653220087BD88 /* MusicServicesView.swift */ = {isa = PBXFileReference; lastKnownFileType = sourcecode.swift; path = MusicServicesView.swift; sourceTree = "<group>"; };
		847E12642E9792680087BD88 /* MusicServiceClient.swift */ = {isa = PBXFileReference; lastKnownFileType = sourcecode.swift; path = MusicServiceClient.swift; sourceTree = "<group>"; };
		847E12842E98D6C50087BD88 /* AdaptiveLayout.swift */ = {isa = PBXFileReference; lastKnownFileType = sourcecode.swift; path = AdaptiveLayout.swift; sourceTree = "<group>"; };
		84863C962EC1D49D00C7FA50 /* MusicServiceCell.swift */ = {isa = PBXFileReference; lastKnownFileType = sourcecode.swift; path = MusicServiceCell.swift; sourceTree = "<group>"; };
		84863C992EC1D4D000C7FA50 /* Components.swift */ = {isa = PBXFileReference; lastKnownFileType = sourcecode.swift; path = Components.swift; sourceTree = "<group>"; };
		84863C9C2EC1E16400C7FA50 /* ApiClient.swift */ = {isa = PBXFileReference; lastKnownFileType = sourcecode.swift; path = ApiClient.swift; sourceTree = "<group>"; };
		84863C9F2EC2287C00C7FA50 /* Endpoint.swift */ = {isa = PBXFileReference; lastKnownFileType = sourcecode.swift; path = Endpoint.swift; sourceTree = "<group>"; };
		84863CAA2EC31E9C00C7FA50 /* AuthClient.swift */ = {isa = PBXFileReference; lastKnownFileType = sourcecode.swift; path = AuthClient.swift; sourceTree = "<group>"; };
		84863CAD2EC346E600C7FA50 /* ResponceDTO.swift */ = {isa = PBXFileReference; lastKnownFileType = sourcecode.swift; path = ResponceDTO.swift; sourceTree = "<group>"; };
		849403B72EA0EA2100FC96CD /* OnboardingViewModel.swift */ = {isa = PBXFileReference; lastKnownFileType = sourcecode.swift; path = OnboardingViewModel.swift; sourceTree = "<group>"; };
		849403B92EA0EBAA00FC96CD /* ProfileViewModel.swift */ = {isa = PBXFileReference; lastKnownFileType = sourcecode.swift; path = ProfileViewModel.swift; sourceTree = "<group>"; };
		849403E52EA10D2800FC96CD /* ServicesAssembly.swift */ = {isa = PBXFileReference; lastKnownFileType = sourcecode.swift; path = ServicesAssembly.swift; sourceTree = "<group>"; };
		849403E62EA10D2800FC96CD /* CoreAssembly.swift */ = {isa = PBXFileReference; lastKnownFileType = sourcecode.swift; path = CoreAssembly.swift; sourceTree = "<group>"; };
		849403E82EA10D2800FC96CD /* ManagersAssembly.swift */ = {isa = PBXFileReference; lastKnownFileType = sourcecode.swift; path = ManagersAssembly.swift; sourceTree = "<group>"; };
		849403EB2EA10D2800FC96CD /* DIContainer.swift */ = {isa = PBXFileReference; lastKnownFileType = sourcecode.swift; path = DIContainer.swift; sourceTree = "<group>"; };
		849403F62EA205FF00FC96CD /* SplashViewModel.swift */ = {isa = PBXFileReference; lastKnownFileType = sourcecode.swift; path = SplashViewModel.swift; sourceTree = "<group>"; };
		849403FF2EA218A800FC96CD /* SplashView.swift */ = {isa = PBXFileReference; lastKnownFileType = sourcecode.swift; path = SplashView.swift; sourceTree = "<group>"; };
		849404042EA2397000FC96CD /* MusicServiceType.swift */ = {isa = PBXFileReference; lastKnownFileType = sourcecode.swift; path = MusicServiceType.swift; sourceTree = "<group>"; };
		849404292EA7B20C00FC96CD /* MainBoardView.swift */ = {isa = PBXFileReference; lastKnownFileType = sourcecode.swift; path = MainBoardView.swift; sourceTree = "<group>"; };
		8497676C2EC5B8E100E59A1E /* SpotLightShape.swift */ = {isa = PBXFileReference; lastKnownFileType = sourcecode.swift; path = SpotLightShape.swift; sourceTree = "<group>"; };
		8497676E2EC5BCDD00E59A1E /* Color+Extensions.swift */ = {isa = PBXFileReference; lastKnownFileType = sourcecode.swift; path = "Color+Extensions.swift"; sourceTree = "<group>"; };
		849767762ECAE43700E59A1E /* ContextProvider.swift */ = {isa = PBXFileReference; lastKnownFileType = sourcecode.swift; path = ContextProvider.swift; sourceTree = "<group>"; };
		84A71E072E9C94DB005F0E4C /* ExploreView.swift */ = {isa = PBXFileReference; lastKnownFileType = sourcecode.swift; path = ExploreView.swift; sourceTree = "<group>"; };
		84A71E192E9CA402005F0E4C /* AuthButtonView.swift */ = {isa = PBXFileReference; lastKnownFileType = sourcecode.swift; path = AuthButtonView.swift; sourceTree = "<group>"; };
		84A71E202E9CA818005F0E4C /* 👤AuthManager.swift */ = {isa = PBXFileReference; lastKnownFileType = sourcecode.swift; path = "👤AuthManager.swift"; sourceTree = "<group>"; };
		84B564D62EB21DFB00CC246B /* RootView.swift */ = {isa = PBXFileReference; lastKnownFileType = sourcecode.swift; path = RootView.swift; sourceTree = "<group>"; };
		84B564E02EB3522D00CC246B /* AdaptiveBackgroundView.swift */ = {isa = PBXFileReference; lastKnownFileType = sourcecode.swift; path = AdaptiveBackgroundView.swift; sourceTree = "<group>"; };
		84B564E42EB379CD00CC246B /* Loader.swift */ = {isa = PBXFileReference; lastKnownFileType = sourcecode.swift; path = Loader.swift; sourceTree = "<group>"; };
		84C1C4512E8C0A9600A39C8D /* User.swift */ = {isa = PBXFileReference; lastKnownFileType = sourcecode.swift; path = User.swift; sourceTree = "<group>"; };
		84E5E74B2EBDBDE100760ABE /* WebAuthHandler.swift */ = {isa = PBXFileReference; lastKnownFileType = sourcecode.swift; path = WebAuthHandler.swift; sourceTree = "<group>"; };
/* End PBXFileReference section */

/* Begin PBXFileSystemSynchronizedRootGroup section */
		0ED3ECE72E78043E0034626C /* EventsFeedTests */ = {
			isa = PBXFileSystemSynchronizedRootGroup;
			path = EventsFeedTests;
			sourceTree = "<group>";
		};
		0ED3ECF12E78043E0034626C /* EventsFeedUITests */ = {
			isa = PBXFileSystemSynchronizedRootGroup;
			path = EventsFeedUITests;
			sourceTree = "<group>";
		};
/* End PBXFileSystemSynchronizedRootGroup section */

/* Begin PBXFrameworksBuildPhase section */
		0ED3ECD42E78043D0034626C /* Frameworks */ = {
			isa = PBXFrameworksBuildPhase;
			buildActionMask = 2147483647;
			files = (
				841928692E869AEA0043F321 /* Kingfisher in Frameworks */,
				0ED3ED082E7804ED0034626C /* GoogleSignInSwift in Frameworks */,
				846642172E8F9A520092F691 /* SpotifyiOS in Frameworks */,
				0ED3ED032E7804B60034626C /* Swinject in Frameworks */,
				0ED3ED062E7804ED0034626C /* GoogleSignIn in Frameworks */,
			);
			runOnlyForDeploymentPostprocessing = 0;
		};
		0ED3ECE12E78043E0034626C /* Frameworks */ = {
			isa = PBXFrameworksBuildPhase;
			buildActionMask = 2147483647;
			files = (
			);
			runOnlyForDeploymentPostprocessing = 0;
		};
		0ED3ECEB2E78043E0034626C /* Frameworks */ = {
			isa = PBXFrameworksBuildPhase;
			buildActionMask = 2147483647;
			files = (
			);
			runOnlyForDeploymentPostprocessing = 0;
		};
/* End PBXFrameworksBuildPhase section */

/* Begin PBXGroup section */
		0ED3ECCE2E78043D0034626C = {
			isa = PBXGroup;
			children = (
				0ED3ED0C2E7805090034626C /* EventsFeed */,
				0ED3ECE72E78043E0034626C /* EventsFeedTests */,
				0ED3ECF12E78043E0034626C /* EventsFeedUITests */,
				0ED3ECD82E78043D0034626C /* Products */,
			);
			sourceTree = "<group>";
		};
		0ED3ECD82E78043D0034626C /* Products */ = {
			isa = PBXGroup;
			children = (
				0ED3ECD72E78043D0034626C /* EventsFeed.app */,
				0ED3ECE42E78043E0034626C /* EventsFeedTests.xctest */,
				0ED3ECEE2E78043E0034626C /* EventsFeedUITests.xctest */,
			);
			name = Products;
			sourceTree = "<group>";
		};
		0ED3ED0C2E7805090034626C /* EventsFeed */ = {
			isa = PBXGroup;
			children = (
				847E12172E956E030087BD88 /* 📱 App */,
				849403962EA0C87D00FC96CD /* 🏗️ Core */,
				849403972EA0C9BB00FC96CD /* 🎨 Views */,
				849403CE2EA10AD200FC96CD /* Shared */,
				0ED3ED1B2E7808060034626C /* Info.plist */,
			);
			path = EventsFeed;
			sourceTree = "<group>";
		};
		0ED3ED152E7806130034626C /* Utilities */ = {
			isa = PBXGroup;
			children = (
				0E6B55F02E795647004F2446 /* MockData.swift */,
				849767762ECAE43700E59A1E /* ContextProvider.swift */,
			);
			path = Utilities;
			sourceTree = "<group>";
		};
		0ED3ED192E78061F0034626C /* Content */ = {
			isa = PBXGroup;
			children = (
				84497E522E94118C00DDBB09 /* ConcertService.swift */,
				84863C9B2EC1E13500C7FA50 /* Network */,
				849403A12EA0D32700FC96CD /* Models */,
			);
			path = Content;
			sourceTree = "<group>";
		};
		840D746F2EBB3D6600713AF7 /* OnBoarding */ = {
			isa = PBXGroup;
			children = (
				849403F62EA205FF00FC96CD /* SplashViewModel.swift */,
				849403B72EA0EA2100FC96CD /* OnboardingViewModel.swift */,
			);
			path = OnBoarding;
			sourceTree = "<group>";
		};
		840D74702EBB3D7B00713AF7 /* MainBoard */ = {
			isa = PBXGroup;
			children = (
				840D74692EBB2C0600713AF7 /* HomeViewModel.swift */,
				849403B92EA0EBAA00FC96CD /* ProfileViewModel.swift */,
			);
			path = MainBoard;
			sourceTree = "<group>";
		};
		840D74712EBB3D9900713AF7 /* Coordinators */ = {
			isa = PBXGroup;
			children = (
				8426E81E2EAF2411003656CB /* AppCoordinator.swift */,
				840D746D2EBB38C500713AF7 /* MainBoardCoordinator.swift */,
			);
			path = Coordinators;
			sourceTree = "<group>";
		};
		841A168E2E8B966C0007F28C /* HomeView */ = {
			isa = PBXGroup;
			children = (
				840D74672EBB2B6600713AF7 /* HomeView.swift */,
				849403CC2EA1090D00FC96CD /* Components */,
			);
			path = HomeView;
			sourceTree = "<group>";
		};
		845FCEAB2EA8EE3B00D4D460 /* Handlers */ = {
			isa = PBXGroup;
			children = (
				84863CAC2EC33ABD00C7FA50 /* Error */,
				845FCEDD2EAA719500D4D460 /* LoadingService.swift */,
			);
			path = Handlers;
			sourceTree = "<group>";
		};
		847E12052E9561730087BD88 /* Music */ = {
			isa = PBXGroup;
			children = (
				84497E4B2E93BC2900DDBB09 /* 🎧MusicServiceManager.swift */,
				847E12642E9792680087BD88 /* MusicServiceClient.swift */,
				849403A72EA0DBF900FC96CD /* Utils */,
			);
			path = Music;
			sourceTree = "<group>";
		};
		847E12172E956E030087BD88 /* 📱 App */ = {
			isa = PBXGroup;
			children = (
				0ED3ED0B2E7805090034626C /* ConcertBox.swift */,
				840D74712EBB3D9900713AF7 /* Coordinators */,
				849403EC2EA10D2800FC96CD /* 🔧 DI */,
			);
			path = "📱 App";
			sourceTree = "<group>";
		};
		847E12182E956E4E0087BD88 /* Resources */ = {
			isa = PBXGroup;
			children = (
			);
			path = Resources;
			sourceTree = "<group>";
		};
		847E121C2E956F9C0087BD88 /* Auth */ = {
			isa = PBXGroup;
			children = (
				84A71E202E9CA818005F0E4C /* 👤AuthManager.swift */,
				84863CAA2EC31E9C00C7FA50 /* AuthClient.swift */,
				84A71E332E9CE4E1005F0E4C /* Utils */,
				84863CA12EC22AE700C7FA50 /* Models */,
			);
			path = Auth;
			sourceTree = "<group>";
		};
		847E123A2E964FDC0087BD88 /* Modifiers */ = {
			isa = PBXGroup;
			children = (
				841A169C2E8BDEF80007F28C /* ShimmerModifier.swift */,
				840D746B2EBB312500713AF7 /* ScrollDetector.swift */,
			);
			path = Modifiers;
			sourceTree = "<group>";
		};
		847E123E2E96507E0087BD88 /* Banners */ = {
			isa = PBXGroup;
			children = (
				847E12412E96517F0087BD88 /* ErrorBannerView.swift */,
				84B564E42EB379CD00CC246B /* Loader.swift */,
			);
			path = Banners;
			sourceTree = "<group>";
		};
		847E12432E9652F70087BD88 /* Profile */ = {
			isa = PBXGroup;
			children = (
				0ED3ED342E7928BB0034626C /* ProfileView.swift */,
				84863C982EC1D4C200C7FA50 /* Components */,
			);
			path = Profile;
			sourceTree = "<group>";
		};
		847E12612E9790770087BD88 /* Services */ = {
			isa = PBXGroup;
			children = (
				847E121C2E956F9C0087BD88 /* Auth */,
				0ED3ED192E78061F0034626C /* Content */,
				847E12052E9561730087BD88 /* Music */,
			);
			path = Services;
			sourceTree = "<group>";
		};
		84863C982EC1D4C200C7FA50 /* Components */ = {
			isa = PBXGroup;
			children = (
				84863C962EC1D49D00C7FA50 /* MusicServiceCell.swift */,
				847E124C2E9653220087BD88 /* MusicServicesView.swift */,
				847E12442E9653170087BD88 /* ProfileHeaderView.swift */,
				84863C992EC1D4D000C7FA50 /* Components.swift */,
			);
			path = Components;
			sourceTree = "<group>";
		};
		84863C9B2EC1E13500C7FA50 /* Network */ = {
			isa = PBXGroup;
			children = (
				84863C9C2EC1E16400C7FA50 /* ApiClient.swift */,
				84863C9F2EC2287C00C7FA50 /* Endpoint.swift */,
			);
			path = Network;
			sourceTree = "<group>";
		};
		84863CA12EC22AE700C7FA50 /* Models */ = {
			isa = PBXGroup;
			children = (
				84C1C4512E8C0A9600A39C8D /* User.swift */,
			);
			path = Models;
			sourceTree = "<group>";
		};
		84863CAC2EC33ABD00C7FA50 /* Error */ = {
			isa = PBXGroup;
			children = (
				845FCED62EAA480000D4D460 /* ErrorHandler.swift */,
				84497E542E9415A800DDBB09 /* AppError.swift */,
			);
			path = Error;
			sourceTree = "<group>";
		};
		849403962EA0C87D00FC96CD /* 🏗️ Core */ = {
			isa = PBXGroup;
			children = (
				845FCEAB2EA8EE3B00D4D460 /* Handlers */,
				847E12612E9790770087BD88 /* Services */,
				849403F52EA1FD5300FC96CD /* ViewModels */,
				0ED3ED152E7806130034626C /* Utilities */,
			);
			path = "🏗️ Core";
			sourceTree = "<group>";
		};
		849403972EA0C9BB00FC96CD /* 🎨 Views */ = {
			isa = PBXGroup;
			children = (
				84B564D62EB21DFB00CC246B /* RootView.swift */,
				849403FC2EA20FCE00FC96CD /* Onboarding */,
				849403FB2EA20F0200FC96CD /* MainBoard */,
				849403CD2EA109DF00FC96CD /* Common */,
			);
			path = "🎨 Views";
			sourceTree = "<group>";
		};
		849403A12EA0D32700FC96CD /* Models */ = {
			isa = PBXGroup;
			children = (
				84863CAD2EC346E600C7FA50 /* ResponceDTO.swift */,
				847E12212E9573AC0087BD88 /* Concert.swift */,
				845B33A72EC45A0C003F80E0 /* ConcertMapper.swift */,
			);
			path = Models;
			sourceTree = "<group>";
		};
		849403A72EA0DBF900FC96CD /* Utils */ = {
			isa = PBXGroup;
			children = (
				845FCEC22EAA1F3800D4D460 /* MusicServiceConstants.swift */,
				849404042EA2397000FC96CD /* MusicServiceType.swift */,
				845FCED22EAA3A4C00D4D460 /* TokenStorageProtocol.swift */,
				84E5E74B2EBDBDE100760ABE /* WebAuthHandler.swift */,
			);
			path = Utils;
			sourceTree = "<group>";
		};
		849403BC2EA0EC9400FC96CD /* Auth */ = {
			isa = PBXGroup;
			children = (
				0ED3ED262E7813CA0034626C /* AuthView.swift */,
				849403CB2EA108CE00FC96CD /* Components */,
			);
			path = Auth;
			sourceTree = "<group>";
		};
		849403C52EA0F01500FC96CD /* View */ = {
			isa = PBXGroup;
			children = (
				84A71E072E9C94DB005F0E4C /* ExploreView.swift */,
			);
			path = View;
			sourceTree = "<group>";
		};
		849403CB2EA108CE00FC96CD /* Components */ = {
			isa = PBXGroup;
			children = (
				84A71E192E9CA402005F0E4C /* AuthButtonView.swift */,
			);
			path = Components;
			sourceTree = "<group>";
		};
		849403CC2EA1090D00FC96CD /* Components */ = {
			isa = PBXGroup;
			children = (
				841A16962E8BC9570007F28C /* HeaderView.swift */,
				841A169A2E8BD00F0007F28C /* ConcertCardPlaceholderView.swift */,
				8440C67C2E8543ED00EA6A9D /* ConcertCardView.swift */,
			);
			path = Components;
			sourceTree = "<group>";
		};
		849403CD2EA109DF00FC96CD /* Common */ = {
			isa = PBXGroup;
			children = (
				84B564E02EB3522D00CC246B /* AdaptiveBackgroundView.swift */,
				8497676E2EC5BCDD00E59A1E /* Color+Extensions.swift */,
				847E123E2E96507E0087BD88 /* Banners */,
				84A71DFE2E9C8F7C005F0E4C /* Utilities */,
				847E123A2E964FDC0087BD88 /* Modifiers */,
			);
			path = Common;
			sourceTree = "<group>";
		};
		849403CE2EA10AD200FC96CD /* Shared */ = {
			isa = PBXGroup;
			children = (
				0ED3ED092E7805090034626C /* Assets.xcassets */,
				847E12182E956E4E0087BD88 /* Resources */,
			);
			path = Shared;
			sourceTree = "<group>";
		};
		849403EA2EA10D2800FC96CD /* Assemblies */ = {
			isa = PBXGroup;
			children = (
				849403E62EA10D2800FC96CD /* CoreAssembly.swift */,
				849403E52EA10D2800FC96CD /* ServicesAssembly.swift */,
				849403E82EA10D2800FC96CD /* ManagersAssembly.swift */,
			);
			path = Assemblies;
			sourceTree = "<group>";
		};
		849403EC2EA10D2800FC96CD /* 🔧 DI */ = {
			isa = PBXGroup;
			children = (
				8474EE272EB09DDD00BA9634 /* ViewModelFactory.swift */,
				849403EB2EA10D2800FC96CD /* DIContainer.swift */,
				849403EA2EA10D2800FC96CD /* Assemblies */,
			);
			path = "🔧 DI";
			sourceTree = "<group>";
		};
		849403F52EA1FD5300FC96CD /* ViewModels */ = {
			isa = PBXGroup;
			children = (
				840D746F2EBB3D6600713AF7 /* OnBoarding */,
				840D74702EBB3D7B00713AF7 /* MainBoard */,
			);
			path = ViewModels;
			sourceTree = "<group>";
		};
		849403FB2EA20F0200FC96CD /* MainBoard */ = {
			isa = PBXGroup;
			children = (
				849404292EA7B20C00FC96CD /* MainBoardView.swift */,
				849403FD2EA2105700FC96CD /* Tabs */,
			);
			path = MainBoard;
			sourceTree = "<group>";
		};
		849403FC2EA20FCE00FC96CD /* Onboarding */ = {
			isa = PBXGroup;
			children = (
				8426E8222EAF2965003656CB /* OnboardingView.swift */,
				849403FE2EA2189400FC96CD /* Splash */,
				849403BC2EA0EC9400FC96CD /* Auth */,
			);
			path = Onboarding;
			sourceTree = "<group>";
		};
		849403FD2EA2105700FC96CD /* Tabs */ = {
			isa = PBXGroup;
			children = (
				841A168E2E8B966C0007F28C /* HomeView */,
				84A71E052E9C94BC005F0E4C /* Explore */,
				847E12432E9652F70087BD88 /* Profile */,
			);
			path = Tabs;
			sourceTree = "<group>";
		};
		849403FE2EA2189400FC96CD /* Splash */ = {
			isa = PBXGroup;
			children = (
				849403FF2EA218A800FC96CD /* SplashView.swift */,
				8497676C2EC5B8E100E59A1E /* SpotLightShape.swift */,
			);
			path = Splash;
			sourceTree = "<group>";
		};
		84A71DFE2E9C8F7C005F0E4C /* Utilities */ = {
			isa = PBXGroup;
			children = (
				847E12842E98D6C50087BD88 /* AdaptiveLayout.swift */,
			);
			path = Utilities;
			sourceTree = "<group>";
		};
		84A71E052E9C94BC005F0E4C /* Explore */ = {
			isa = PBXGroup;
			children = (
				849403C52EA0F01500FC96CD /* View */,
				0ED3ED3D2E792FD60034626C /* FilterButton.swift */,
			);
			path = Explore;
			sourceTree = "<group>";
		};
		84A71E332E9CE4E1005F0E4C /* Utils */ = {
			isa = PBXGroup;
			children = (
				845FCEDB2EAA67B000D4D460 /* AuthEnums.swift */,
			);
			path = Utils;
			sourceTree = "<group>";
		};
/* End PBXGroup section */

/* Begin PBXNativeTarget section */
		0ED3ECD62E78043D0034626C /* EventsFeed */ = {
			isa = PBXNativeTarget;
			buildConfigurationList = 0ED3ECF82E78043E0034626C /* Build configuration list for PBXNativeTarget "EventsFeed" */;
			buildPhases = (
				0ED3ECD32E78043D0034626C /* Sources */,
				0ED3ECD42E78043D0034626C /* Frameworks */,
				0ED3ECD52E78043D0034626C /* Resources */,
			);
			buildRules = (
			);
			dependencies = (
			);
			name = EventsFeed;
			packageProductDependencies = (
				0ED3ED022E7804B60034626C /* Swinject */,
				0ED3ED052E7804ED0034626C /* GoogleSignIn */,
				0ED3ED072E7804ED0034626C /* GoogleSignInSwift */,
				841928682E869AEA0043F321 /* Kingfisher */,
				846642162E8F9A520092F691 /* SpotifyiOS */,
			);
			productName = EventsFeed;
			productReference = 0ED3ECD72E78043D0034626C /* EventsFeed.app */;
			productType = "com.apple.product-type.application";
		};
		0ED3ECE32E78043E0034626C /* EventsFeedTests */ = {
			isa = PBXNativeTarget;
			buildConfigurationList = 0ED3ECFB2E78043E0034626C /* Build configuration list for PBXNativeTarget "EventsFeedTests" */;
			buildPhases = (
				0ED3ECE02E78043E0034626C /* Sources */,
				0ED3ECE12E78043E0034626C /* Frameworks */,
				0ED3ECE22E78043E0034626C /* Resources */,
			);
			buildRules = (
			);
			dependencies = (
				0ED3ECE62E78043E0034626C /* PBXTargetDependency */,
			);
			fileSystemSynchronizedGroups = (
				0ED3ECE72E78043E0034626C /* EventsFeedTests */,
			);
			name = EventsFeedTests;
			packageProductDependencies = (
			);
			productName = EventsFeedTests;
			productReference = 0ED3ECE42E78043E0034626C /* EventsFeedTests.xctest */;
			productType = "com.apple.product-type.bundle.unit-test";
		};
		0ED3ECED2E78043E0034626C /* EventsFeedUITests */ = {
			isa = PBXNativeTarget;
			buildConfigurationList = 0ED3ECFE2E78043E0034626C /* Build configuration list for PBXNativeTarget "EventsFeedUITests" */;
			buildPhases = (
				0ED3ECEA2E78043E0034626C /* Sources */,
				0ED3ECEB2E78043E0034626C /* Frameworks */,
				0ED3ECEC2E78043E0034626C /* Resources */,
			);
			buildRules = (
			);
			dependencies = (
				0ED3ECF02E78043E0034626C /* PBXTargetDependency */,
			);
			fileSystemSynchronizedGroups = (
				0ED3ECF12E78043E0034626C /* EventsFeedUITests */,
			);
			name = EventsFeedUITests;
			packageProductDependencies = (
			);
			productName = EventsFeedUITests;
			productReference = 0ED3ECEE2E78043E0034626C /* EventsFeedUITests.xctest */;
			productType = "com.apple.product-type.bundle.ui-testing";
		};
/* End PBXNativeTarget section */

/* Begin PBXProject section */
		0ED3ECCF2E78043D0034626C /* Project object */ = {
			isa = PBXProject;
			attributes = {
				BuildIndependentTargetsInParallel = 1;
				LastSwiftUpdateCheck = 1640;
				LastUpgradeCheck = 2600;
				TargetAttributes = {
					0ED3ECD62E78043D0034626C = {
						CreatedOnToolsVersion = 16.4;
					};
					0ED3ECE32E78043E0034626C = {
						CreatedOnToolsVersion = 16.4;
						TestTargetID = 0ED3ECD62E78043D0034626C;
					};
					0ED3ECED2E78043E0034626C = {
						CreatedOnToolsVersion = 16.4;
						TestTargetID = 0ED3ECD62E78043D0034626C;
					};
				};
			};
			buildConfigurationList = 0ED3ECD22E78043D0034626C /* Build configuration list for PBXProject "EventsFeed" */;
			developmentRegion = en;
			hasScannedForEncodings = 0;
			knownRegions = (
				en,
				Base,
			);
			mainGroup = 0ED3ECCE2E78043D0034626C;
			minimizedProjectReferenceProxies = 1;
			packageReferences = (
				0ED3ED012E7804B60034626C /* XCRemoteSwiftPackageReference "Swinject" */,
				0ED3ED042E7804ED0034626C /* XCRemoteSwiftPackageReference "GoogleSignIn-iOS" */,
				841928672E8693520043F321 /* XCRemoteSwiftPackageReference "Kingfisher" */,
				846642152E8F9A520092F691 /* XCRemoteSwiftPackageReference "ios-sdk" */,
			);
			preferredProjectObjectVersion = 77;
			productRefGroup = 0ED3ECD82E78043D0034626C /* Products */;
			projectDirPath = "";
			projectRoot = "";
			targets = (
				0ED3ECD62E78043D0034626C /* EventsFeed */,
				0ED3ECE32E78043E0034626C /* EventsFeedTests */,
				0ED3ECED2E78043E0034626C /* EventsFeedUITests */,
			);
		};
/* End PBXProject section */

/* Begin PBXResourcesBuildPhase section */
		0ED3ECD52E78043D0034626C /* Resources */ = {
			isa = PBXResourcesBuildPhase;
			buildActionMask = 2147483647;
			files = (
				0ED3ED0F2E7805090034626C /* Assets.xcassets in Resources */,
			);
			runOnlyForDeploymentPostprocessing = 0;
		};
		0ED3ECE22E78043E0034626C /* Resources */ = {
			isa = PBXResourcesBuildPhase;
			buildActionMask = 2147483647;
			files = (
			);
			runOnlyForDeploymentPostprocessing = 0;
		};
		0ED3ECEC2E78043E0034626C /* Resources */ = {
			isa = PBXResourcesBuildPhase;
			buildActionMask = 2147483647;
			files = (
			);
			runOnlyForDeploymentPostprocessing = 0;
		};
/* End PBXResourcesBuildPhase section */

/* Begin PBXSourcesBuildPhase section */
		0ED3ECD32E78043D0034626C /* Sources */ = {
			isa = PBXSourcesBuildPhase;
			buildActionMask = 2147483647;
			files = (
				84B564E12EB3522D00CC246B /* AdaptiveBackgroundView.swift in Sources */,
				849404052EA2397000FC96CD /* MusicServiceType.swift in Sources */,
				84863C9A2EC1D4D000C7FA50 /* Components.swift in Sources */,
				840D746A2EBB2C0600713AF7 /* HomeViewModel.swift in Sources */,
				8440C67D2E8543ED00EA6A9D /* ConcertCardView.swift in Sources */,
				0ED3ED272E7813CA0034626C /* AuthView.swift in Sources */,
				84A71E212E9CA818005F0E4C /* 👤AuthManager.swift in Sources */,
				0ED3ED352E7928BB0034626C /* ProfileView.swift in Sources */,
				0E6B55F12E795647004F2446 /* MockData.swift in Sources */,
				8494042A2EA7B20C00FC96CD /* MainBoardView.swift in Sources */,
				8497676D2EC5B8E100E59A1E /* SpotLightShape.swift in Sources */,
				0ED3ED3E2E792FD60034626C /* FilterButton.swift in Sources */,
				847E12252E9573AC0087BD88 /* Concert.swift in Sources */,
				84B564D72EB21DFB00CC246B /* RootView.swift in Sources */,
				841A169B2E8BD00F0007F28C /* ConcertCardPlaceholderView.swift in Sources */,
				845FCEDC2EAA67B000D4D460 /* AuthEnums.swift in Sources */,
				841A16972E8BC9570007F28C /* HeaderView.swift in Sources */,
				84B564E52EB379CD00CC246B /* Loader.swift in Sources */,
				84863C972EC1D49D00C7FA50 /* MusicServiceCell.swift in Sources */,
				847E12652E9792680087BD88 /* MusicServiceClient.swift in Sources */,
				840D746E2EBB38C500713AF7 /* MainBoardCoordinator.swift in Sources */,
				0ED3ED0E2E7805090034626C /* ConcertBox.swift in Sources */,
				84497E532E94118E00DDBB09 /* ConcertService.swift in Sources */,
				84863CAB2EC31E9C00C7FA50 /* AuthClient.swift in Sources */,
				849767772ECAE43700E59A1E /* ContextProvider.swift in Sources */,
				849403EE2EA10D2800FC96CD /* DIContainer.swift in Sources */,
				849403F02EA10D2800FC96CD /* ManagersAssembly.swift in Sources */,
				8426E81F2EAF2411003656CB /* AppCoordinator.swift in Sources */,
				849403F12EA10D2800FC96CD /* CoreAssembly.swift in Sources */,
				849403F22EA10D2800FC96CD /* ServicesAssembly.swift in Sources */,
				849403BA2EA0EBAA00FC96CD /* ProfileViewModel.swift in Sources */,
				84497E4C2E93BC2900DDBB09 /* 🎧MusicServiceManager.swift in Sources */,
				8497676F2EC5BCDD00E59A1E /* Color+Extensions.swift in Sources */,
				84863CAE2EC346E600C7FA50 /* ResponceDTO.swift in Sources */,
				849403F72EA205FF00FC96CD /* SplashViewModel.swift in Sources */,
				840D74682EBB2B6600713AF7 /* HomeView.swift in Sources */,
				845FCEDE2EAA719500D4D460 /* LoadingService.swift in Sources */,
				84A71E082E9C94DB005F0E4C /* ExploreView.swift in Sources */,
				845FCED72EAA480000D4D460 /* ErrorHandler.swift in Sources */,
				84E5E74C2EBDBDE100760ABE /* WebAuthHandler.swift in Sources */,
				84497E552E9415A800DDBB09 /* AppError.swift in Sources */,
				847E12422E96517F0087BD88 /* ErrorBannerView.swift in Sources */,
				84C1C4522E8C0A9600A39C8D /* User.swift in Sources */,
				849404002EA218A800FC96CD /* SplashView.swift in Sources */,
				84863C9D2EC1E16400C7FA50 /* ApiClient.swift in Sources */,
				847E12452E9653170087BD88 /* ProfileHeaderView.swift in Sources */,
				8474EE282EB09DDD00BA9634 /* ViewModelFactory.swift in Sources */,
				847E12852E98D6C50087BD88 /* AdaptiveLayout.swift in Sources */,
				841A169D2E8BDEF80007F28C /* ShimmerModifier.swift in Sources */,
				845FCED32EAA3A4C00D4D460 /* TokenStorageProtocol.swift in Sources */,
				84A71E1A2E9CA402005F0E4C /* AuthButtonView.swift in Sources */,
				845FCEC32EAA1F3800D4D460 /* MusicServiceConstants.swift in Sources */,
				845B33A82EC45A0C003F80E0 /* ConcertMapper.swift in Sources */,
				849403B82EA0EA2100FC96CD /* OnboardingViewModel.swift in Sources */,
				8426E8232EAF2965003656CB /* OnboardingView.swift in Sources */,
				847E124D2E9653220087BD88 /* MusicServicesView.swift in Sources */,
				84863CA02EC2287C00C7FA50 /* Endpoint.swift in Sources */,
				840D746C2EBB312500713AF7 /* ScrollDetector.swift in Sources */,
			);
			runOnlyForDeploymentPostprocessing = 0;
		};
		0ED3ECE02E78043E0034626C /* Sources */ = {
			isa = PBXSourcesBuildPhase;
			buildActionMask = 2147483647;
			files = (
			);
			runOnlyForDeploymentPostprocessing = 0;
		};
		0ED3ECEA2E78043E0034626C /* Sources */ = {
			isa = PBXSourcesBuildPhase;
			buildActionMask = 2147483647;
			files = (
			);
			runOnlyForDeploymentPostprocessing = 0;
		};
/* End PBXSourcesBuildPhase section */

/* Begin PBXTargetDependency section */
		0ED3ECE62E78043E0034626C /* PBXTargetDependency */ = {
			isa = PBXTargetDependency;
			target = 0ED3ECD62E78043D0034626C /* EventsFeed */;
			targetProxy = 0ED3ECE52E78043E0034626C /* PBXContainerItemProxy */;
		};
		0ED3ECF02E78043E0034626C /* PBXTargetDependency */ = {
			isa = PBXTargetDependency;
			target = 0ED3ECD62E78043D0034626C /* EventsFeed */;
			targetProxy = 0ED3ECEF2E78043E0034626C /* PBXContainerItemProxy */;
		};
/* End PBXTargetDependency section */

/* Begin XCBuildConfiguration section */
		0ED3ECF62E78043E0034626C /* Debug */ = {
			isa = XCBuildConfiguration;
			buildSettings = {
				ALWAYS_SEARCH_USER_PATHS = NO;
				ASSETCATALOG_COMPILER_GENERATE_SWIFT_ASSET_SYMBOL_EXTENSIONS = YES;
				CLANG_ANALYZER_NONNULL = YES;
				CLANG_ANALYZER_NUMBER_OBJECT_CONVERSION = YES_AGGRESSIVE;
				CLANG_CXX_LANGUAGE_STANDARD = "gnu++20";
				CLANG_ENABLE_MODULES = YES;
				CLANG_ENABLE_OBJC_ARC = YES;
				CLANG_ENABLE_OBJC_WEAK = YES;
				CLANG_WARN_BLOCK_CAPTURE_AUTORELEASING = YES;
				CLANG_WARN_BOOL_CONVERSION = YES;
				CLANG_WARN_COMMA = YES;
				CLANG_WARN_CONSTANT_CONVERSION = YES;
				CLANG_WARN_DEPRECATED_OBJC_IMPLEMENTATIONS = YES;
				CLANG_WARN_DIRECT_OBJC_ISA_USAGE = YES_ERROR;
				CLANG_WARN_DOCUMENTATION_COMMENTS = YES;
				CLANG_WARN_EMPTY_BODY = YES;
				CLANG_WARN_ENUM_CONVERSION = YES;
				CLANG_WARN_INFINITE_RECURSION = YES;
				CLANG_WARN_INT_CONVERSION = YES;
				CLANG_WARN_NON_LITERAL_NULL_CONVERSION = YES;
				CLANG_WARN_OBJC_IMPLICIT_RETAIN_SELF = YES;
				CLANG_WARN_OBJC_LITERAL_CONVERSION = YES;
				CLANG_WARN_OBJC_ROOT_CLASS = YES_ERROR;
				CLANG_WARN_QUOTED_INCLUDE_IN_FRAMEWORK_HEADER = YES;
				CLANG_WARN_RANGE_LOOP_ANALYSIS = YES;
				CLANG_WARN_STRICT_PROTOTYPES = YES;
				CLANG_WARN_SUSPICIOUS_MOVE = YES;
				CLANG_WARN_UNGUARDED_AVAILABILITY = YES_AGGRESSIVE;
				CLANG_WARN_UNREACHABLE_CODE = YES;
				CLANG_WARN__DUPLICATE_METHOD_MATCH = YES;
				COPY_PHASE_STRIP = NO;
				DEBUG_INFORMATION_FORMAT = dwarf;
				DEVELOPMENT_TEAM = J5U6N2764N;
				ENABLE_STRICT_OBJC_MSGSEND = YES;
				ENABLE_TESTABILITY = YES;
				ENABLE_USER_SCRIPT_SANDBOXING = YES;
				GCC_C_LANGUAGE_STANDARD = gnu17;
				GCC_DYNAMIC_NO_PIC = NO;
				GCC_NO_COMMON_BLOCKS = YES;
				GCC_OPTIMIZATION_LEVEL = 0;
				GCC_PREPROCESSOR_DEFINITIONS = (
					"DEBUG=1",
					"$(inherited)",
				);
				GCC_WARN_64_TO_32_BIT_CONVERSION = YES;
				GCC_WARN_ABOUT_RETURN_TYPE = YES_ERROR;
				GCC_WARN_UNDECLARED_SELECTOR = YES;
				GCC_WARN_UNINITIALIZED_AUTOS = YES_AGGRESSIVE;
				GCC_WARN_UNUSED_FUNCTION = YES;
				GCC_WARN_UNUSED_VARIABLE = YES;
				IPHONEOS_DEPLOYMENT_TARGET = 18.5;
				LOCALIZATION_PREFERS_STRING_CATALOGS = YES;
				MTL_ENABLE_DEBUG_INFO = INCLUDE_SOURCE;
				MTL_FAST_MATH = YES;
				ONLY_ACTIVE_ARCH = YES;
				SDKROOT = iphoneos;
				STRING_CATALOG_GENERATE_SYMBOLS = YES;
				SWIFT_ACTIVE_COMPILATION_CONDITIONS = "DEBUG $(inherited)";
				SWIFT_OPTIMIZATION_LEVEL = "-Onone";
			};
			name = Debug;
		};
		0ED3ECF72E78043E0034626C /* Release */ = {
			isa = XCBuildConfiguration;
			buildSettings = {
				ALWAYS_SEARCH_USER_PATHS = NO;
				ASSETCATALOG_COMPILER_GENERATE_SWIFT_ASSET_SYMBOL_EXTENSIONS = YES;
				CLANG_ANALYZER_NONNULL = YES;
				CLANG_ANALYZER_NUMBER_OBJECT_CONVERSION = YES_AGGRESSIVE;
				CLANG_CXX_LANGUAGE_STANDARD = "gnu++20";
				CLANG_ENABLE_MODULES = YES;
				CLANG_ENABLE_OBJC_ARC = YES;
				CLANG_ENABLE_OBJC_WEAK = YES;
				CLANG_WARN_BLOCK_CAPTURE_AUTORELEASING = YES;
				CLANG_WARN_BOOL_CONVERSION = YES;
				CLANG_WARN_COMMA = YES;
				CLANG_WARN_CONSTANT_CONVERSION = YES;
				CLANG_WARN_DEPRECATED_OBJC_IMPLEMENTATIONS = YES;
				CLANG_WARN_DIRECT_OBJC_ISA_USAGE = YES_ERROR;
				CLANG_WARN_DOCUMENTATION_COMMENTS = YES;
				CLANG_WARN_EMPTY_BODY = YES;
				CLANG_WARN_ENUM_CONVERSION = YES;
				CLANG_WARN_INFINITE_RECURSION = YES;
				CLANG_WARN_INT_CONVERSION = YES;
				CLANG_WARN_NON_LITERAL_NULL_CONVERSION = YES;
				CLANG_WARN_OBJC_IMPLICIT_RETAIN_SELF = YES;
				CLANG_WARN_OBJC_LITERAL_CONVERSION = YES;
				CLANG_WARN_OBJC_ROOT_CLASS = YES_ERROR;
				CLANG_WARN_QUOTED_INCLUDE_IN_FRAMEWORK_HEADER = YES;
				CLANG_WARN_RANGE_LOOP_ANALYSIS = YES;
				CLANG_WARN_STRICT_PROTOTYPES = YES;
				CLANG_WARN_SUSPICIOUS_MOVE = YES;
				CLANG_WARN_UNGUARDED_AVAILABILITY = YES_AGGRESSIVE;
				CLANG_WARN_UNREACHABLE_CODE = YES;
				CLANG_WARN__DUPLICATE_METHOD_MATCH = YES;
				COPY_PHASE_STRIP = NO;
				DEBUG_INFORMATION_FORMAT = "dwarf-with-dsym";
				DEVELOPMENT_TEAM = J5U6N2764N;
				ENABLE_NS_ASSERTIONS = NO;
				ENABLE_STRICT_OBJC_MSGSEND = YES;
				ENABLE_USER_SCRIPT_SANDBOXING = YES;
				GCC_C_LANGUAGE_STANDARD = gnu17;
				GCC_NO_COMMON_BLOCKS = YES;
				GCC_WARN_64_TO_32_BIT_CONVERSION = YES;
				GCC_WARN_ABOUT_RETURN_TYPE = YES_ERROR;
				GCC_WARN_UNDECLARED_SELECTOR = YES;
				GCC_WARN_UNINITIALIZED_AUTOS = YES_AGGRESSIVE;
				GCC_WARN_UNUSED_FUNCTION = YES;
				GCC_WARN_UNUSED_VARIABLE = YES;
				IPHONEOS_DEPLOYMENT_TARGET = 18.5;
				LOCALIZATION_PREFERS_STRING_CATALOGS = YES;
				MTL_ENABLE_DEBUG_INFO = NO;
				MTL_FAST_MATH = YES;
				SDKROOT = iphoneos;
				STRING_CATALOG_GENERATE_SYMBOLS = YES;
				SWIFT_COMPILATION_MODE = wholemodule;
				VALIDATE_PRODUCT = YES;
			};
			name = Release;
		};
		0ED3ECF92E78043E0034626C /* Debug */ = {
			isa = XCBuildConfiguration;
			buildSettings = {
				ASSETCATALOG_COMPILER_APPICON_NAME = AppIcon;
				ASSETCATALOG_COMPILER_GLOBAL_ACCENT_COLOR_NAME = AccentColor;
				CODE_SIGN_STYLE = Automatic;
				CURRENT_PROJECT_VERSION = 1;
				DEVELOPMENT_TEAM = J5U6N2764N;
				ENABLE_PREVIEWS = YES;
				GENERATE_INFOPLIST_FILE = YES;
				INFOPLIST_FILE = EventsFeed/Info.plist;
				INFOPLIST_KEY_UIApplicationSceneManifest_Generation = YES;
				INFOPLIST_KEY_UIApplicationSupportsIndirectInputEvents = YES;
				INFOPLIST_KEY_UILaunchScreen_Generation = YES;
				INFOPLIST_KEY_UISupportedInterfaceOrientations_iPad = "UIInterfaceOrientationPortrait UIInterfaceOrientationPortraitUpsideDown UIInterfaceOrientationLandscapeLeft UIInterfaceOrientationLandscapeRight";
				INFOPLIST_KEY_UISupportedInterfaceOrientations_iPhone = "UIInterfaceOrientationPortrait UIInterfaceOrientationLandscapeLeft UIInterfaceOrientationLandscapeRight";
				LD_RUNPATH_SEARCH_PATHS = (
					"$(inherited)",
					"@executable_path/Frameworks",
				);
				MARKETING_VERSION = 1.0;
				PRODUCT_BUNDLE_IDENTIFIER = oneday.com.EventsFeed;
				PRODUCT_NAME = "$(TARGET_NAME)";
				SWIFT_EMIT_LOC_STRINGS = YES;
				SWIFT_VERSION = 5.0;
				TARGETED_DEVICE_FAMILY = "1,2";
			};
			name = Debug;
		};
		0ED3ECFA2E78043E0034626C /* Release */ = {
			isa = XCBuildConfiguration;
			buildSettings = {
				ASSETCATALOG_COMPILER_APPICON_NAME = AppIcon;
				ASSETCATALOG_COMPILER_GLOBAL_ACCENT_COLOR_NAME = AccentColor;
				CODE_SIGN_STYLE = Automatic;
				CURRENT_PROJECT_VERSION = 1;
				DEVELOPMENT_TEAM = J5U6N2764N;
				ENABLE_PREVIEWS = YES;
				GENERATE_INFOPLIST_FILE = YES;
				INFOPLIST_FILE = EventsFeed/Info.plist;
				INFOPLIST_KEY_UIApplicationSceneManifest_Generation = YES;
				INFOPLIST_KEY_UIApplicationSupportsIndirectInputEvents = YES;
				INFOPLIST_KEY_UILaunchScreen_Generation = YES;
				INFOPLIST_KEY_UISupportedInterfaceOrientations_iPad = "UIInterfaceOrientationPortrait UIInterfaceOrientationPortraitUpsideDown UIInterfaceOrientationLandscapeLeft UIInterfaceOrientationLandscapeRight";
				INFOPLIST_KEY_UISupportedInterfaceOrientations_iPhone = "UIInterfaceOrientationPortrait UIInterfaceOrientationLandscapeLeft UIInterfaceOrientationLandscapeRight";
				LD_RUNPATH_SEARCH_PATHS = (
					"$(inherited)",
					"@executable_path/Frameworks",
				);
				MARKETING_VERSION = 1.0;
				PRODUCT_BUNDLE_IDENTIFIER = oneday.com.EventsFeed;
				PRODUCT_NAME = "$(TARGET_NAME)";
				SWIFT_EMIT_LOC_STRINGS = YES;
				SWIFT_VERSION = 5.0;
				TARGETED_DEVICE_FAMILY = "1,2";
			};
			name = Release;
		};
		0ED3ECFC2E78043E0034626C /* Debug */ = {
			isa = XCBuildConfiguration;
			buildSettings = {
				BUNDLE_LOADER = "$(TEST_HOST)";
				CODE_SIGN_STYLE = Automatic;
				CURRENT_PROJECT_VERSION = 1;
				DEVELOPMENT_TEAM = J5U6N2764N;
				GENERATE_INFOPLIST_FILE = YES;
				IPHONEOS_DEPLOYMENT_TARGET = 18.5;
				MARKETING_VERSION = 1.0;
				PRODUCT_BUNDLE_IDENTIFIER = oneday.com.EventsFeedTests;
				PRODUCT_NAME = "$(TARGET_NAME)";
				SWIFT_EMIT_LOC_STRINGS = NO;
				SWIFT_VERSION = 5.0;
				TARGETED_DEVICE_FAMILY = "1,2";
				TEST_HOST = "$(BUILT_PRODUCTS_DIR)/EventsFeed.app/$(BUNDLE_EXECUTABLE_FOLDER_PATH)/EventsFeed";
			};
			name = Debug;
		};
		0ED3ECFD2E78043E0034626C /* Release */ = {
			isa = XCBuildConfiguration;
			buildSettings = {
				BUNDLE_LOADER = "$(TEST_HOST)";
				CODE_SIGN_STYLE = Automatic;
				CURRENT_PROJECT_VERSION = 1;
				DEVELOPMENT_TEAM = J5U6N2764N;
				GENERATE_INFOPLIST_FILE = YES;
				IPHONEOS_DEPLOYMENT_TARGET = 18.5;
				MARKETING_VERSION = 1.0;
				PRODUCT_BUNDLE_IDENTIFIER = oneday.com.EventsFeedTests;
				PRODUCT_NAME = "$(TARGET_NAME)";
				SWIFT_EMIT_LOC_STRINGS = NO;
				SWIFT_VERSION = 5.0;
				TARGETED_DEVICE_FAMILY = "1,2";
				TEST_HOST = "$(BUILT_PRODUCTS_DIR)/EventsFeed.app/$(BUNDLE_EXECUTABLE_FOLDER_PATH)/EventsFeed";
			};
			name = Release;
		};
		0ED3ECFF2E78043E0034626C /* Debug */ = {
			isa = XCBuildConfiguration;
			buildSettings = {
				CODE_SIGN_STYLE = Automatic;
				CURRENT_PROJECT_VERSION = 1;
				DEVELOPMENT_TEAM = J5U6N2764N;
				GENERATE_INFOPLIST_FILE = YES;
				MARKETING_VERSION = 1.0;
				PRODUCT_BUNDLE_IDENTIFIER = oneday.com.EventsFeedUITests;
				PRODUCT_NAME = "$(TARGET_NAME)";
				SWIFT_EMIT_LOC_STRINGS = NO;
				SWIFT_VERSION = 5.0;
				TARGETED_DEVICE_FAMILY = "1,2";
				TEST_TARGET_NAME = EventsFeed;
			};
			name = Debug;
		};
		0ED3ED002E78043E0034626C /* Release */ = {
			isa = XCBuildConfiguration;
			buildSettings = {
				CODE_SIGN_STYLE = Automatic;
				CURRENT_PROJECT_VERSION = 1;
				DEVELOPMENT_TEAM = J5U6N2764N;
				GENERATE_INFOPLIST_FILE = YES;
				MARKETING_VERSION = 1.0;
				PRODUCT_BUNDLE_IDENTIFIER = oneday.com.EventsFeedUITests;
				PRODUCT_NAME = "$(TARGET_NAME)";
				SWIFT_EMIT_LOC_STRINGS = NO;
				SWIFT_VERSION = 5.0;
				TARGETED_DEVICE_FAMILY = "1,2";
				TEST_TARGET_NAME = EventsFeed;
			};
			name = Release;
		};
/* End XCBuildConfiguration section */

/* Begin XCConfigurationList section */
		0ED3ECD22E78043D0034626C /* Build configuration list for PBXProject "EventsFeed" */ = {
			isa = XCConfigurationList;
			buildConfigurations = (
				0ED3ECF62E78043E0034626C /* Debug */,
				0ED3ECF72E78043E0034626C /* Release */,
			);
			defaultConfigurationIsVisible = 0;
			defaultConfigurationName = Release;
		};
		0ED3ECF82E78043E0034626C /* Build configuration list for PBXNativeTarget "EventsFeed" */ = {
			isa = XCConfigurationList;
			buildConfigurations = (
				0ED3ECF92E78043E0034626C /* Debug */,
				0ED3ECFA2E78043E0034626C /* Release */,
			);
			defaultConfigurationIsVisible = 0;
			defaultConfigurationName = Release;
		};
		0ED3ECFB2E78043E0034626C /* Build configuration list for PBXNativeTarget "EventsFeedTests" */ = {
			isa = XCConfigurationList;
			buildConfigurations = (
				0ED3ECFC2E78043E0034626C /* Debug */,
				0ED3ECFD2E78043E0034626C /* Release */,
			);
			defaultConfigurationIsVisible = 0;
			defaultConfigurationName = Release;
		};
		0ED3ECFE2E78043E0034626C /* Build configuration list for PBXNativeTarget "EventsFeedUITests" */ = {
			isa = XCConfigurationList;
			buildConfigurations = (
				0ED3ECFF2E78043E0034626C /* Debug */,
				0ED3ED002E78043E0034626C /* Release */,
			);
			defaultConfigurationIsVisible = 0;
			defaultConfigurationName = Release;
		};
/* End XCConfigurationList section */

/* Begin XCRemoteSwiftPackageReference section */
		0ED3ED012E7804B60034626C /* XCRemoteSwiftPackageReference "Swinject" */ = {
			isa = XCRemoteSwiftPackageReference;
			repositoryURL = "https://github.com/Swinject/Swinject.git";
			requirement = {
				kind = upToNextMajorVersion;
				minimumVersion = 2.10.0;
			};
		};
		0ED3ED042E7804ED0034626C /* XCRemoteSwiftPackageReference "GoogleSignIn-iOS" */ = {
			isa = XCRemoteSwiftPackageReference;
			repositoryURL = "https://github.com/google/GoogleSignIn-iOS.git";
			requirement = {
				kind = upToNextMajorVersion;
				minimumVersion = 9.0.0;
			};
		};
		841928672E8693520043F321 /* XCRemoteSwiftPackageReference "Kingfisher" */ = {
			isa = XCRemoteSwiftPackageReference;
			repositoryURL = "https://github.com/onevcat/Kingfisher";
			requirement = {
				kind = upToNextMajorVersion;
				minimumVersion = 8.5.0;
			};
		};
		846642152E8F9A520092F691 /* XCRemoteSwiftPackageReference "ios-sdk" */ = {
			isa = XCRemoteSwiftPackageReference;
			repositoryURL = "https://github.com/spotify/ios-sdk";
			requirement = {
				branch = master;
				kind = branch;
			};
		};
/* End XCRemoteSwiftPackageReference section */

/* Begin XCSwiftPackageProductDependency section */
		0ED3ED022E7804B60034626C /* Swinject */ = {
			isa = XCSwiftPackageProductDependency;
			package = 0ED3ED012E7804B60034626C /* XCRemoteSwiftPackageReference "Swinject" */;
			productName = Swinject;
		};
		0ED3ED052E7804ED0034626C /* GoogleSignIn */ = {
			isa = XCSwiftPackageProductDependency;
			package = 0ED3ED042E7804ED0034626C /* XCRemoteSwiftPackageReference "GoogleSignIn-iOS" */;
			productName = GoogleSignIn;
		};
		0ED3ED072E7804ED0034626C /* GoogleSignInSwift */ = {
			isa = XCSwiftPackageProductDependency;
			package = 0ED3ED042E7804ED0034626C /* XCRemoteSwiftPackageReference "GoogleSignIn-iOS" */;
			productName = GoogleSignInSwift;
		};
		841928682E869AEA0043F321 /* Kingfisher */ = {
			isa = XCSwiftPackageProductDependency;
			package = 841928672E8693520043F321 /* XCRemoteSwiftPackageReference "Kingfisher" */;
			productName = Kingfisher;
		};
		846642162E8F9A520092F691 /* SpotifyiOS */ = {
			isa = XCSwiftPackageProductDependency;
			package = 846642152E8F9A520092F691 /* XCRemoteSwiftPackageReference "ios-sdk" */;
			productName = SpotifyiOS;
		};
/* End XCSwiftPackageProductDependency section */
	};
	rootObject = 0ED3ECCF2E78043D0034626C /* Project object */;
}
